
Microsoft Visual Studio Solution File, Format Version 12.00
# Visual Studio Version 17
VisualStudioVersion = 17.0.32014.148
MinimumVisualStudioVersion = 10.0.40219.1
Project("{9A19103F-16F7-4668-BE54-9A1E7A4F7556}") = "TWE-Launcher", "TWE-Launcher\TWE-Launcher.csproj", "{2D39C1AC-52CB-44D5-A8FB-5F154403A983}"
EndProject
Project("{9A19103F-16F7-4668-BE54-9A1E7A4F7556}") = "TWEMP.Browser.QA.UnitTesting", "TWEMP.Browser.QA.UnitTesting\TWEMP.Browser.QA.UnitTesting.csproj", "{CF952D35-BB51-4B30-AF5D-D3F4C1DCBC1B}"
EndProject
Project("{9A19103F-16F7-4668-BE54-9A1E7A4F7556}") = "TWEMP.Browser.QA.Benchmarking", "TWEMP.Browser.QA.Benchmarking\TWEMP.Browser.QA.Benchmarking.csproj", "{90507C81-4C28-45DF-A80A-375B3575C68E}"
EndProject
Project("{9A19103F-16F7-4668-BE54-9A1E7A4F7556}") = "TWEMP.Browser.App.Classic.WinForms", "TWEMP.Browser.App.Classic.WinForms\TWEMP.Browser.App.Classic.WinForms.csproj", "{1E87C536-309C-428E-BB89-ED8D204BDE7A}"
EndProject
Project("{9A19103F-16F7-4668-BE54-9A1E7A4F7556}") = "TWEMP.Browser.App.Classic.WPF", "TWEMP.Browser.App.Classic.WPF\TWEMP.Browser.App.Classic.WPF.csproj", "{2750D687-9E53-44EB-8AA8-DAA7B0AD0B77}"
EndProject
Project("{9A19103F-16F7-4668-BE54-9A1E7A4F7556}") = "TWEMP.Browser.Core.CommonLibrary", "TWEMP.Browser.Core.CommonLibrary\TWEMP.Browser.Core.CommonLibrary.csproj", "{382630AF-28E8-4BF4-968E-AAFE7335AA8B}"
EndProject
Project("{9A19103F-16F7-4668-BE54-9A1E7A4F7556}") = "TWEMP.Browser.Core.GamingSupport", "TWEMP.Browser.Core.GamingSupport\TWEMP.Browser.Core.GamingSupport.csproj", "{A0C5A5BB-EA90-4579-9960-CB089DBD53C4}"
EndProject
Project("{9A19103F-16F7-4668-BE54-9A1E7A4F7556}") = "TWEMP.Browser.Core.DataContext", "TWEMP.Browser.Core.DataContext\TWEMP.Browser.Core.DataContext.csproj", "{CEBD5A8C-D695-4F5B-9C89-F613BB11A8D1}"
EndProject
Project("{9A19103F-16F7-4668-BE54-9A1E7A4F7556}") = "TWEMP.Browser.Core.EntityModels", "TWEMP.Browser.Core.EntityModels\TWEMP.Browser.Core.EntityModels.csproj", "{88F38194-2F46-4BAF-86A1-2BCF4ED59735}"
EndProject
Project("{9A19103F-16F7-4668-BE54-9A1E7A4F7556}") = "TWEMP.Browser.App.WorkerService", "TWEMP.Browser.App.WorkerService\TWEMP.Browser.App.WorkerService.csproj", "{58F07B16-4ABB-4872-B4AA-305E1D3D4C0E}"
EndProject
Project("{FAE04EC0-301F-11D3-BF4B-00C04F79EFBC}") = "TWEMP.Browser.App.Classic.CommonLibrary", "TWEMP.Browser.App.Classic.CommonLibrary\TWEMP.Browser.App.Classic.CommonLibrary.csproj", "{BDBD6864-F495-4B97-A6BA-FD7637B0079D}"
EndProject
Global
	GlobalSection(SolutionConfigurationPlatforms) = preSolution
		Debug|Any CPU = Debug|Any CPU
		Release|Any CPU = Release|Any CPU
	EndGlobalSection
	GlobalSection(ProjectConfigurationPlatforms) = postSolution
		{2D39C1AC-52CB-44D5-A8FB-5F154403A983}.Debug|Any CPU.ActiveCfg = Debug|Any CPU
		{2D39C1AC-52CB-44D5-A8FB-5F154403A983}.Debug|Any CPU.Build.0 = Debug|Any CPU
		{2D39C1AC-52CB-44D5-A8FB-5F154403A983}.Release|Any CPU.ActiveCfg = Release|Any CPU
		{2D39C1AC-52CB-44D5-A8FB-5F154403A983}.Release|Any CPU.Build.0 = Release|Any CPU
		{CF952D35-BB51-4B30-AF5D-D3F4C1DCBC1B}.Debug|Any CPU.ActiveCfg = Debug|Any CPU
		{CF952D35-BB51-4B30-AF5D-D3F4C1DCBC1B}.Debug|Any CPU.Build.0 = Debug|Any CPU
		{CF952D35-BB51-4B30-AF5D-D3F4C1DCBC1B}.Release|Any CPU.ActiveCfg = Release|Any CPU
		{CF952D35-BB51-4B30-AF5D-D3F4C1DCBC1B}.Release|Any CPU.Build.0 = Release|Any CPU
		{90507C81-4C28-45DF-A80A-375B3575C68E}.Debug|Any CPU.ActiveCfg = Debug|Any CPU
		{90507C81-4C28-45DF-A80A-375B3575C68E}.Debug|Any CPU.Build.0 = Debug|Any CPU
		{90507C81-4C28-45DF-A80A-375B3575C68E}.Release|Any CPU.ActiveCfg = Release|Any CPU
		{90507C81-4C28-45DF-A80A-375B3575C68E}.Release|Any CPU.Build.0 = Release|Any CPU
		{1E87C536-309C-428E-BB89-ED8D204BDE7A}.Debug|Any CPU.ActiveCfg = Debug|Any CPU
		{1E87C536-309C-428E-BB89-ED8D204BDE7A}.Debug|Any CPU.Build.0 = Debug|Any CPU
		{1E87C536-309C-428E-BB89-ED8D204BDE7A}.Release|Any CPU.ActiveCfg = Release|Any CPU
		{1E87C536-309C-428E-BB89-ED8D204BDE7A}.Release|Any CPU.Build.0 = Release|Any CPU
		{2750D687-9E53-44EB-8AA8-DAA7B0AD0B77}.Debug|Any CPU.ActiveCfg = Debug|Any CPU
		{2750D687-9E53-44EB-8AA8-DAA7B0AD0B77}.Debug|Any CPU.Build.0 = Debug|Any CPU
		{2750D687-9E53-44EB-8AA8-DAA7B0AD0B77}.Release|Any CPU.ActiveCfg = Release|Any CPU
		{2750D687-9E53-44EB-8AA8-DAA7B0AD0B77}.Release|Any CPU.Build.0 = Release|Any CPU
		{382630AF-28E8-4BF4-968E-AAFE7335AA8B}.Debug|Any CPU.ActiveCfg = Debug|Any CPU
		{382630AF-28E8-4BF4-968E-AAFE7335AA8B}.Debug|Any CPU.Build.0 = Debug|Any CPU
		{382630AF-28E8-4BF4-968E-AAFE7335AA8B}.Release|Any CPU.ActiveCfg = Release|Any CPU
		{382630AF-28E8-4BF4-968E-AAFE7335AA8B}.Release|Any CPU.Build.0 = Release|Any CPU
		{A0C5A5BB-EA90-4579-9960-CB089DBD53C4}.Debug|Any CPU.ActiveCfg = Debug|Any CPU
		{A0C5A5BB-EA90-4579-9960-CB089DBD53C4}.Debug|Any CPU.Build.0 = Debug|Any CPU
		{A0C5A5BB-EA90-4579-9960-CB089DBD53C4}.Release|Any CPU.ActiveCfg = Release|Any CPU
		{A0C5A5BB-EA90-4579-9960-CB089DBD53C4}.Release|Any CPU.Build.0 = Release|Any CPU
		{CEBD5A8C-D695-4F5B-9C89-F613BB11A8D1}.Debug|Any CPU.ActiveCfg = Debug|Any CPU
		{CEBD5A8C-D695-4F5B-9C89-F613BB11A8D1}.Debug|Any CPU.Build.0 = Debug|Any CPU
		{CEBD5A8C-D695-4F5B-9C89-F613BB11A8D1}.Release|Any CPU.ActiveCfg = Release|Any CPU
		{CEBD5A8C-D695-4F5B-9C89-F613BB11A8D1}.Release|Any CPU.Build.0 = Release|Any CPU
		{88F38194-2F46-4BAF-86A1-2BCF4ED59735}.Debug|Any CPU.ActiveCfg = Debug|Any CPU
		{88F38194-2F46-4BAF-86A1-2BCF4ED59735}.Debug|Any CPU.Build.0 = Debug|Any CPU
		{88F38194-2F46-4BAF-86A1-2BCF4ED59735}.Release|Any CPU.ActiveCfg = Release|Any CPU
		{88F38194-2F46-4BAF-86A1-2BCF4ED59735}.Release|Any CPU.Build.0 = Release|Any CPU
		{58F07B16-4ABB-4872-B4AA-305E1D3D4C0E}.Debug|Any CPU.ActiveCfg = Debug|Any CPU
		{58F07B16-4ABB-4872-B4AA-305E1D3D4C0E}.Debug|Any CPU.Build.0 = Debug|Any CPU
		{58F07B16-4ABB-4872-B4AA-305E1D3D4C0E}.Release|Any CPU.ActiveCfg = Release|Any CPU
		{58F07B16-4ABB-4872-B4AA-305E1D3D4C0E}.Release|Any CPU.Build.0 = Release|Any CPU
		{BDBD6864-F495-4B97-A6BA-FD7637B0079D}.Debug|Any CPU.ActiveCfg = Debug|Any CPU
		{BDBD6864-F495-4B97-A6BA-FD7637B0079D}.Debug|Any CPU.Build.0 = Debug|Any CPU
		{BDBD6864-F495-4B97-A6BA-FD7637B0079D}.Release|Any CPU.ActiveCfg = Release|Any CPU
		{BDBD6864-F495-4B97-A6BA-FD7637B0079D}.Release|Any CPU.Build.0 = Release|Any CPU
	EndGlobalSection
	GlobalSection(SolutionProperties) = preSolution
		HideSolutionNode = FALSE
	EndGlobalSection
	GlobalSection(ExtensibilityGlobals) = postSolution
		SolutionGuid = {416A2008-C742-4CDB-92BE-7EE865565CF0}
	EndGlobalSection
EndGlobal
