
Microsoft Visual Studio Solution File, Format Version 12.00
# Visual Studio Version 17
VisualStudioVersion = 17.0.31903.59
MinimumVisualStudioVersion = 10.0.40219.1
Project("{9A19103F-16F7-4668-BE54-9A1E7A4F7556}") = "TWE-Config-JSON", "TWE-Config-JSON\TWE-Config-JSON.csproj", "{F90E9BF3-2B99-4D72-B7AB-D6EA3804EB60}"
EndProject
Project("{9A19103F-16F7-4668-BE54-9A1E7A4F7556}") = "TWE-CustomModSupportPreset", "TWE-CustomModSupportPreset\TWE-CustomModSupportPreset.csproj", "{6E20E6A6-1A2B-42A0-A333-52BB1C6D793F}"
EndProject
Project("{9A19103F-16F7-4668-BE54-9A1E7A4F7556}") = "TWE-GameSetup-Testing", "TWE-GameSetup-Testing\TWE-GameSetup-Testing.csproj", "{58937506-086E-471E-BBFA-39EFDBA7EC51}"
EndProject
Project("{9A19103F-16F7-4668-BE54-9A1E7A4F7556}") = "TWE-Logo-Viewer", "TWE-Logo-Viewer\TWE-Logo-Viewer.csproj", "{38DEB95B-78BB-4E07-8F88-2235FB226F4B}"
EndProject
Project("{9A19103F-16F7-4668-BE54-9A1E7A4F7556}") = "TWE-Mods-Detector", "TWE-Mods-Detector\TWE-Mods-Detector.csproj", "{14A2AF0E-61B8-41A2-84F1-608A1743A7B0}"
EndProject
Project("{9A19103F-16F7-4668-BE54-9A1E7A4F7556}") = "TWE-Music-Player", "TWE-Music-Player\TWE-Music-Player.csproj", "{2DE7F135-7C01-4E40-9BF4-B12C4036F5AB}"
EndProject
Project("{9A19103F-16F7-4668-BE54-9A1E7A4F7556}") = "TWE-Save-Package", "TWE-Save-Package\TWE-Save-Package.csproj", "{A54CFE41-7434-462A-BB0A-D9DCCA6B1CD0}"
EndProject
Project("{9A19103F-16F7-4668-BE54-9A1E7A4F7556}") = "TWE-Datetime-Functions", "TWE-Datetime-Functions\TWE-Datetime-Functions.csproj", "{D3BC70CD-B99A-4721-A074-FAD2A68A3E81}"
EndProject
Project("{FAE04EC0-301F-11D3-BF4B-00C04F79EFBC}") = "TWE-Submod-Switcher", "TWE-Submod-Switcher\TWE-Submod-Switcher.csproj", "{648571F9-C2BA-4FF8-BC75-2A440429AF31}"
EndProject
Global
	GlobalSection(SolutionConfigurationPlatforms) = preSolution
		Debug|Any CPU = Debug|Any CPU
		Release|Any CPU = Release|Any CPU
	EndGlobalSection
	GlobalSection(ProjectConfigurationPlatforms) = postSolution
		{F90E9BF3-2B99-4D72-B7AB-D6EA3804EB60}.Debug|Any CPU.ActiveCfg = Debug|Any CPU
		{F90E9BF3-2B99-4D72-B7AB-D6EA3804EB60}.Debug|Any CPU.Build.0 = Debug|Any CPU
		{F90E9BF3-2B99-4D72-B7AB-D6EA3804EB60}.Release|Any CPU.ActiveCfg = Release|Any CPU
		{F90E9BF3-2B99-4D72-B7AB-D6EA3804EB60}.Release|Any CPU.Build.0 = Release|Any CPU
		{6E20E6A6-1A2B-42A0-A333-52BB1C6D793F}.Debug|Any CPU.ActiveCfg = Debug|Any CPU
		{6E20E6A6-1A2B-42A0-A333-52BB1C6D793F}.Debug|Any CPU.Build.0 = Debug|Any CPU
		{6E20E6A6-1A2B-42A0-A333-52BB1C6D793F}.Release|Any CPU.ActiveCfg = Release|Any CPU
		{6E20E6A6-1A2B-42A0-A333-52BB1C6D793F}.Release|Any CPU.Build.0 = Release|Any CPU
		{58937506-086E-471E-BBFA-39EFDBA7EC51}.Debug|Any CPU.ActiveCfg = Debug|Any CPU
		{58937506-086E-471E-BBFA-39EFDBA7EC51}.Debug|Any CPU.Build.0 = Debug|Any CPU
		{58937506-086E-471E-BBFA-39EFDBA7EC51}.Release|Any CPU.ActiveCfg = Release|Any CPU
		{58937506-086E-471E-BBFA-39EFDBA7EC51}.Release|Any CPU.Build.0 = Release|Any CPU
		{38DEB95B-78BB-4E07-8F88-2235FB226F4B}.Debug|Any CPU.ActiveCfg = Debug|Any CPU
		{38DEB95B-78BB-4E07-8F88-2235FB226F4B}.Debug|Any CPU.Build.0 = Debug|Any CPU
		{38DEB95B-78BB-4E07-8F88-2235FB226F4B}.Release|Any CPU.ActiveCfg = Release|Any CPU
		{38DEB95B-78BB-4E07-8F88-2235FB226F4B}.Release|Any CPU.Build.0 = Release|Any CPU
		{14A2AF0E-61B8-41A2-84F1-608A1743A7B0}.Debug|Any CPU.ActiveCfg = Debug|Any CPU
		{14A2AF0E-61B8-41A2-84F1-608A1743A7B0}.Debug|Any CPU.Build.0 = Debug|Any CPU
		{14A2AF0E-61B8-41A2-84F1-608A1743A7B0}.Release|Any CPU.ActiveCfg = Release|Any CPU
		{14A2AF0E-61B8-41A2-84F1-608A1743A7B0}.Release|Any CPU.Build.0 = Release|Any CPU
		{2DE7F135-7C01-4E40-9BF4-B12C4036F5AB}.Debug|Any CPU.ActiveCfg = Debug|Any CPU
		{2DE7F135-7C01-4E40-9BF4-B12C4036F5AB}.Debug|Any CPU.Build.0 = Debug|Any CPU
		{2DE7F135-7C01-4E40-9BF4-B12C4036F5AB}.Release|Any CPU.ActiveCfg = Release|Any CPU
		{2DE7F135-7C01-4E40-9BF4-B12C4036F5AB}.Release|Any CPU.Build.0 = Release|Any CPU
		{A54CFE41-7434-462A-BB0A-D9DCCA6B1CD0}.Debug|Any CPU.ActiveCfg = Debug|Any CPU
		{A54CFE41-7434-462A-BB0A-D9DCCA6B1CD0}.Debug|Any CPU.Build.0 = Debug|Any CPU
		{A54CFE41-7434-462A-BB0A-D9DCCA6B1CD0}.Release|Any CPU.ActiveCfg = Release|Any CPU
		{A54CFE41-7434-462A-BB0A-D9DCCA6B1CD0}.Release|Any CPU.Build.0 = Release|Any CPU
		{D3BC70CD-B99A-4721-A074-FAD2A68A3E81}.Debug|Any CPU.ActiveCfg = Debug|Any CPU
		{D3BC70CD-B99A-4721-A074-FAD2A68A3E81}.Debug|Any CPU.Build.0 = Debug|Any CPU
		{D3BC70CD-B99A-4721-A074-FAD2A68A3E81}.Release|Any CPU.ActiveCfg = Release|Any CPU
		{D3BC70CD-B99A-4721-A074-FAD2A68A3E81}.Release|Any CPU.Build.0 = Release|Any CPU
		{648571F9-C2BA-4FF8-BC75-2A440429AF31}.Debug|Any CPU.ActiveCfg = Debug|Any CPU
		{648571F9-C2BA-4FF8-BC75-2A440429AF31}.Debug|Any CPU.Build.0 = Debug|Any CPU
		{648571F9-C2BA-4FF8-BC75-2A440429AF31}.Release|Any CPU.ActiveCfg = Release|Any CPU
		{648571F9-C2BA-4FF8-BC75-2A440429AF31}.Release|Any CPU.Build.0 = Release|Any CPU
	EndGlobalSection
	GlobalSection(SolutionProperties) = preSolution
		HideSolutionNode = FALSE
	EndGlobalSection
	GlobalSection(ExtensibilityGlobals) = postSolution
		SolutionGuid = {80603309-E609-4B85-8903-9E33E1C526EF}
	EndGlobalSection
EndGlobal
